{
    "version": 3,
    "terraform_version": "0.11.11",
    "serial": 4,
    "lineage": "bd177dc0-3ecc-5bb7-aca0-8c81c7750d2d",
    "modules": [
        {
            "path": [
                "root"
            ],
            "outputs": {
                "elb_dns_name": {
                    "sensitive": false,
                    "type": "string",
                    "value": "webserver-cluster-dev-elb-1639163829.us-east-1.elb.amazonaws.com"
                }
            },
            "resources": {},
            "depends_on": []
        },
        {
            "path": [
                "root",
                "webserver_cluster"
            ],
            "outputs": {
                "asg_name": {
                    "sensitive": false,
                    "type": "string",
                    "value": "simplex-software-aws-autoscaling-group"
                },
                "elb_dns_name": {
                    "sensitive": false,
                    "type": "string",
                    "value": "webserver-cluster-dev-elb-1639163829.us-east-1.elb.amazonaws.com"
                },
                "elb_security_group_id": {
                    "sensitive": false,
                    "type": "string",
                    "value": "sg-0cbb2de3e40e8ccb0"
                }
            },
            "resources": {
                "aws_autoscaling_group.simplex_software": {
                    "type": "aws_autoscaling_group",
                    "depends_on": [
                        "aws_elb.simplex_software",
                        "aws_launch_configuration.simplex_software",
                        "data.aws_availability_zones.all"
                    ],
                    "primary": {
                        "id": "simplex-software-aws-autoscaling-group",
                        "attributes": {
                            "arn": "arn:aws:autoscaling:us-east-1:459436678662:autoScalingGroup:ede2f31b-7bff-4e17-b60b-aebd045929c1:autoScalingGroupName/simplex-software-aws-autoscaling-group",
                            "availability_zones.#": "6",
                            "availability_zones.1252502072": "us-east-1f",
                            "availability_zones.1305112097": "us-east-1b",
                            "availability_zones.2762590996": "us-east-1d",
                            "availability_zones.3551460226": "us-east-1e",
                            "availability_zones.3569565595": "us-east-1a",
                            "availability_zones.986537655": "us-east-1c",
                            "default_cooldown": "300",
                            "desired_capacity": "2",
                            "enabled_metrics.#": "0",
                            "force_delete": "false",
                            "health_check_grace_period": "300",
                            "health_check_type": "ELB",
                            "id": "simplex-software-aws-autoscaling-group",
                            "launch_configuration": "simplex-software-aws-launch-config",
                            "launch_template.#": "0",
                            "load_balancers.#": "1",
                            "load_balancers.1007202110": "webserver-cluster-dev-elb",
                            "max_size": "2",
                            "metrics_granularity": "1Minute",
                            "min_size": "2",
                            "mixed_instances_policy.#": "0",
                            "name": "simplex-software-aws-autoscaling-group",
                            "placement_group": "",
                            "protect_from_scale_in": "false",
                            "service_linked_role_arn": "arn:aws:iam::459436678662:role/aws-service-role/autoscaling.amazonaws.com/AWSServiceRoleForAutoScaling",
                            "suspended_processes.#": "0",
                            "tag.#": "1",
                            "tag.2448692352.key": "Name",
                            "tag.2448692352.propagate_at_launch": "true",
                            "tag.2448692352.value": "webserver-cluster-dev",
                            "target_group_arns.#": "0",
                            "termination_policies.#": "0",
                            "vpc_zone_identifier.#": "0",
                            "wait_for_capacity_timeout": "10m"
                        },
                        "meta": {
                            "e2bfb730-ecaa-11e6-8f88-34363bc7c4c0": {
                                "delete": 600000000000
                            }
                        },
                        "tainted": false
                    },
                    "deposed": [],
                    "provider": "provider.aws"
                },
                "aws_autoscaling_schedule.scale_out_during_business_hours": {
                    "type": "aws_autoscaling_schedule",
                    "depends_on": [
                        "aws_autoscaling_group.simplex_software"
                    ],
                    "primary": {
                        "id": "scale-out-during-business-hours",
                        "attributes": {
                            "arn": "arn:aws:autoscaling:us-east-1:459436678662:scheduledUpdateGroupAction:763f0481-c629-431f-be8a-73fa1722b33f:autoScalingGroupName/simplex-software-aws-autoscaling-group:scheduledActionName/scale-out-during-business-hours",
                            "autoscaling_group_name": "simplex-software-aws-autoscaling-group",
                            "desired_capacity": "2",
                            "id": "scale-out-during-business-hours",
                            "max_size": "2",
                            "min_size": "2",
                            "recurrence": "0 9 * * *",
                            "scheduled_action_name": "scale-out-during-business-hours",
                            "start_time": "2019-01-10T09:00:00Z"
                        },
                        "meta": {},
                        "tainted": false
                    },
                    "deposed": [],
                    "provider": "provider.aws"
                },
                "aws_elb.simplex_software": {
                    "type": "aws_elb",
                    "depends_on": [
                        "aws_security_group.simplex_software_elb",
                        "data.aws_availability_zones.all"
                    ],
                    "primary": {
                        "id": "webserver-cluster-dev-elb",
                        "attributes": {
                            "access_logs.#": "0",
                            "arn": "arn:aws:elasticloadbalancing:us-east-1:459436678662:loadbalancer/webserver-cluster-dev-elb",
                            "availability_zones.#": "6",
                            "availability_zones.1252502072": "us-east-1f",
                            "availability_zones.1305112097": "us-east-1b",
                            "availability_zones.2762590996": "us-east-1d",
                            "availability_zones.3551460226": "us-east-1e",
                            "availability_zones.3569565595": "us-east-1a",
                            "availability_zones.986537655": "us-east-1c",
                            "connection_draining": "false",
                            "connection_draining_timeout": "300",
                            "cross_zone_load_balancing": "true",
                            "dns_name": "webserver-cluster-dev-elb-1639163829.us-east-1.elb.amazonaws.com",
                            "health_check.#": "1",
                            "health_check.0.healthy_threshold": "2",
                            "health_check.0.interval": "30",
                            "health_check.0.target": "HTTP:8080/",
                            "health_check.0.timeout": "3",
                            "health_check.0.unhealthy_threshold": "2",
                            "id": "webserver-cluster-dev-elb",
                            "idle_timeout": "60",
                            "instances.#": "0",
                            "internal": "false",
                            "listener.#": "1",
                            "listener.3931999347.instance_port": "8080",
                            "listener.3931999347.instance_protocol": "http",
                            "listener.3931999347.lb_port": "80",
                            "listener.3931999347.lb_protocol": "http",
                            "listener.3931999347.ssl_certificate_id": "",
                            "name": "webserver-cluster-dev-elb",
                            "security_groups.#": "1",
                            "security_groups.3301936904": "sg-0cbb2de3e40e8ccb0",
                            "source_security_group": "459436678662/webserver-cluster-dev-security-group-elb",
                            "source_security_group_id": "sg-0cbb2de3e40e8ccb0",
                            "subnets.#": "6",
                            "subnets.111866691": "subnet-345c087e",
                            "subnets.1881478793": "subnet-42fb7a1e",
                            "subnets.2029820406": "subnet-23136d2c",
                            "subnets.2588914890": "subnet-e6ed25d8",
                            "subnets.3218052994": "subnet-a7c246c0",
                            "subnets.4268552895": "subnet-edeb68c3",
                            "tags.%": "0",
                            "zone_id": "Z35SXDOTRQ7X7K"
                        },
                        "meta": {},
                        "tainted": false
                    },
                    "deposed": [],
                    "provider": "provider.aws"
                },
                "aws_launch_configuration.simplex_software": {
                    "type": "aws_launch_configuration",
                    "depends_on": [
                        "aws_security_group.simplex_software",
                        "data.template_file.httpd_data"
                    ],
                    "primary": {
                        "id": "simplex-software-aws-launch-config",
                        "attributes": {
                            "associate_public_ip_address": "false",
                            "ebs_block_device.#": "0",
                            "ebs_optimized": "false",
                            "enable_monitoring": "true",
                            "ephemeral_block_device.#": "0",
                            "iam_instance_profile": "",
                            "id": "simplex-software-aws-launch-config",
                            "image_id": "ami-40d28157",
                            "instance_type": "t2.micro",
                            "key_name": "",
                            "name": "simplex-software-aws-launch-config",
                            "root_block_device.#": "0",
                            "security_groups.#": "1",
                            "security_groups.1845585556": "webserver-cluster-dev-security-group",
                            "spot_price": "",
                            "user_data": "806e941524e22bcdb6d046c568abc27971d43f91",
                            "vpc_classic_link_id": "",
                            "vpc_classic_link_security_groups.#": "0"
                        },
                        "meta": {},
                        "tainted": false
                    },
                    "deposed": [],
                    "provider": "provider.aws"
                },
                "aws_security_group.simplex_software": {
                    "type": "aws_security_group",
                    "depends_on": [],
                    "primary": {
                        "id": "sg-04e63dbf7010d9a8f",
                        "attributes": {
                            "arn": "arn:aws:ec2:us-east-1:459436678662:security-group/sg-04e63dbf7010d9a8f",
                            "description": "Managed by Terraform",
                            "egress.#": "0",
                            "id": "sg-04e63dbf7010d9a8f",
                            "ingress.#": "0",
                            "name": "webserver-cluster-dev-security-group",
                            "owner_id": "459436678662",
                            "revoke_rules_on_delete": "false",
                            "tags.%": "0",
                            "vpc_id": "vpc-0779a87d"
                        },
                        "meta": {
                            "e2bfb730-ecaa-11e6-8f88-34363bc7c4c0": {
                                "create": 600000000000,
                                "delete": 600000000000
                            },
                            "schema_version": "1"
                        },
                        "tainted": false
                    },
                    "deposed": [],
                    "provider": "provider.aws"
                },
                "aws_security_group.simplex_software_elb": {
                    "type": "aws_security_group",
                    "depends_on": [],
                    "primary": {
                        "id": "sg-0cbb2de3e40e8ccb0",
                        "attributes": {
                            "arn": "arn:aws:ec2:us-east-1:459436678662:security-group/sg-0cbb2de3e40e8ccb0",
                            "description": "Managed by Terraform",
                            "egress.#": "0",
                            "id": "sg-0cbb2de3e40e8ccb0",
                            "ingress.#": "0",
                            "name": "webserver-cluster-dev-security-group-elb",
                            "owner_id": "459436678662",
                            "revoke_rules_on_delete": "false",
                            "tags.%": "0",
                            "vpc_id": "vpc-0779a87d"
                        },
                        "meta": {
                            "e2bfb730-ecaa-11e6-8f88-34363bc7c4c0": {
                                "create": 600000000000,
                                "delete": 600000000000
                            },
                            "schema_version": "1"
                        },
                        "tainted": false
                    },
                    "deposed": [],
                    "provider": "provider.aws"
                },
                "aws_security_group_rule.simplex_software_elb_inbound": {
                    "type": "aws_security_group_rule",
                    "depends_on": [
                        "aws_security_group.simplex_software_elb"
                    ],
                    "primary": {
                        "id": "sgrule-2669339032",
                        "attributes": {
                            "cidr_blocks.#": "1",
                            "cidr_blocks.0": "0.0.0.0/0",
                            "from_port": "80",
                            "id": "sgrule-2669339032",
                            "protocol": "tcp",
                            "security_group_id": "sg-0cbb2de3e40e8ccb0",
                            "self": "false",
                            "to_port": "80",
                            "type": "ingress"
                        },
                        "meta": {
                            "schema_version": "2"
                        },
                        "tainted": false
                    },
                    "deposed": [],
                    "provider": "provider.aws"
                },
                "aws_security_group_rule.simplex_software_inbound": {
                    "type": "aws_security_group_rule",
                    "depends_on": [
                        "aws_security_group.simplex_software"
                    ],
                    "primary": {
                        "id": "sgrule-832663669",
                        "attributes": {
                            "cidr_blocks.#": "1",
                            "cidr_blocks.0": "0.0.0.0/0",
                            "from_port": "8080",
                            "id": "sgrule-832663669",
                            "protocol": "tcp",
                            "security_group_id": "sg-04e63dbf7010d9a8f",
                            "self": "false",
                            "to_port": "8080",
                            "type": "ingress"
                        },
                        "meta": {
                            "schema_version": "2"
                        },
                        "tainted": false
                    },
                    "deposed": [],
                    "provider": "provider.aws"
                },
                "aws_security_group_rule.simplex_software_outbound": {
                    "type": "aws_security_group_rule",
                    "depends_on": [
                        "aws_security_group.simplex_software_elb"
                    ],
                    "primary": {
                        "id": "sgrule-3225375233",
                        "attributes": {
                            "cidr_blocks.#": "1",
                            "cidr_blocks.0": "0.0.0.0/0",
                            "from_port": "0",
                            "id": "sgrule-3225375233",
                            "protocol": "-1",
                            "security_group_id": "sg-0cbb2de3e40e8ccb0",
                            "self": "false",
                            "to_port": "0",
                            "type": "egress"
                        },
                        "meta": {
                            "schema_version": "2"
                        },
                        "tainted": false
                    },
                    "deposed": [],
                    "provider": "provider.aws"
                },
                "data.aws_availability_zones.all": {
                    "type": "aws_availability_zones",
                    "depends_on": [],
                    "primary": {
                        "id": "2019-01-09 12:10:38.18917428 +0000 UTC",
                        "attributes": {
                            "id": "2019-01-09 12:10:38.18917428 +0000 UTC",
                            "names.#": "6",
                            "names.0": "us-east-1a",
                            "names.1": "us-east-1b",
                            "names.2": "us-east-1c",
                            "names.3": "us-east-1d",
                            "names.4": "us-east-1e",
                            "names.5": "us-east-1f",
                            "zone_ids.#": "6",
                            "zone_ids.0": "use1-az6",
                            "zone_ids.1": "use1-az1",
                            "zone_ids.2": "use1-az2",
                            "zone_ids.3": "use1-az4",
                            "zone_ids.4": "use1-az3",
                            "zone_ids.5": "use1-az5"
                        },
                        "meta": {},
                        "tainted": false
                    },
                    "deposed": [],
                    "provider": "provider.aws"
                },
                "data.template_file.httpd_data": {
                    "type": "template_file",
                    "depends_on": [
                        "data.terraform_remote_state.db"
                    ],
                    "primary": {
                        "id": "61f67ad8037aa6fb19694b61bc5718d4106489889452baa12a6244f618af4318",
                        "attributes": {
                            "id": "61f67ad8037aa6fb19694b61bc5718d4106489889452baa12a6244f618af4318",
                            "rendered": "#!/bin/bash\ncat \u003e index.html \u003c\u003cEOF\n\u003ch1\u003eHello, World\u003c/h1\u003e\n\u003cp\u003eDB address: terraform-20190109120714105800000001.ckhzgawvvdj7.us-east-1.rds.amazonaws.com\u003c/p\u003e\n\u003cp\u003eDB port: 3306\u003c/p\u003e\nEOF\nnohup busybox httpd -f -p \"8080\" \u0026\n",
                            "template": "#!/bin/bash\ncat \u003e index.html \u003c\u003cEOF\n\u003ch1\u003eHello, World\u003c/h1\u003e\n\u003cp\u003eDB address: ${db_host_name}\u003c/p\u003e\n\u003cp\u003eDB port: ${db_port_number}\u003c/p\u003e\nEOF\nnohup busybox httpd -f -p \"${httpd_server_port}\" \u0026\n",
                            "vars.%": "3",
                            "vars.db_host_name": "terraform-20190109120714105800000001.ckhzgawvvdj7.us-east-1.rds.amazonaws.com",
                            "vars.db_port_number": "3306",
                            "vars.httpd_server_port": "8080"
                        },
                        "meta": {},
                        "tainted": false
                    },
                    "deposed": [],
                    "provider": "provider.template"
                },
                "data.terraform_remote_state.db": {
                    "type": "terraform_remote_state",
                    "depends_on": [],
                    "primary": {
                        "id": "2019-01-09 12:10:40.18103667 +0000 UTC",
                        "attributes": {
                            "address": "terraform-20190109120714105800000001.ckhzgawvvdj7.us-east-1.rds.amazonaws.com",
                            "backend": "s3",
                            "config.#": "1",
                            "config.3104227915.bucket": "simplex-software-s3-bucket",
                            "config.3104227915.key": "dev/data-stores/mysql/terraform.tfstate",
                            "config.3104227915.region": "us-east-1",
                            "environment": "default",
                            "id": "2019-01-09 12:10:40.18103667 +0000 UTC",
                            "port": "3306",
                            "workspace": "default"
                        },
                        "meta": {},
                        "tainted": false
                    },
                    "deposed": [],
                    "provider": "provider.terraform"
                }
            },
            "depends_on": []
        }
    ]
}
