{
    "version": 3,
    "terraform_version": "0.11.11",
    "serial": 12,
    "lineage": "767e08ca-fa4e-fa3a-761b-e7318eb6a9ab",
    "modules": [
        {
            "path": [
                "root"
            ],
            "outputs": {
                "s3_bucket_arn": {
                    "sensitive": false,
                    "type": "string",
                    "value": "arn:aws:s3:::simplex-software-s3-bucket"
                }
            },
            "resources": {
                "aws_s3_bucket.simplex_software": {
                    "type": "aws_s3_bucket",
                    "depends_on": [],
                    "primary": {
                        "id": "simplex-software-s3-bucket",
                        "attributes": {
                            "acceleration_status": "",
                            "acl": "private",
                            "arn": "arn:aws:s3:::simplex-software-s3-bucket",
                            "bucket": "simplex-software-s3-bucket",
                            "bucket_domain_name": "simplex-software-s3-bucket.s3.amazonaws.com",
                            "bucket_regional_domain_name": "simplex-software-s3-bucket.s3.amazonaws.com",
                            "cors_rule.#": "0",
                            "force_destroy": "true",
                            "hosted_zone_id": "Z3AQBSTGFYJSTF",
                            "id": "simplex-software-s3-bucket",
                            "lifecycle_rule.#": "0",
                            "logging.#": "0",
                            "region": "us-east-1",
                            "replication_configuration.#": "0",
                            "request_payer": "BucketOwner",
                            "server_side_encryption_configuration.#": "0",
                            "tags.%": "0",
                            "versioning.#": "1",
                            "versioning.0.enabled": "true",
                            "versioning.0.mfa_delete": "false",
                            "website.#": "0"
                        },
                        "meta": {},
                        "tainted": false
                    },
                    "deposed": [],
                    "provider": "provider.aws"
                }
            },
            "depends_on": []
        }
    ]
}
