{
    "version": 3,
    "terraform_version": "0.11.11",
    "serial": 21,
    "lineage": "3a56a06e-fb40-5dae-440e-846819495add",
    "modules": [
        {
            "path": [
                "root"
            ],
            "outputs": {},
            "resources": {
                "aws_ebs_volume.simplex_software_ebs_20": {
                    "type": "aws_ebs_volume",
                    "depends_on": [],
                    "primary": {
                        "id": "vol-051529abfc91126d9",
                        "attributes": {
                            "arn": "arn:aws:ec2:us-east-1:459436678662:volume/vol-051529abfc91126d9",
                            "availability_zone": "us-east-1a",
                            "encrypted": "false",
                            "id": "vol-051529abfc91126d9",
                            "size": "20",
                            "snapshot_id": "",
                            "tags.%": "1",
                            "tags.Name": "ebs-20",
                            "type": "gp2"
                        },
                        "meta": {},
                        "tainted": false
                    },
                    "deposed": [],
                    "provider": "provider.aws"
                },
                "aws_instance.simplex_software": {
                    "type": "aws_instance",
                    "depends_on": [
                        "aws_security_group.simplex_software_default",
                        "aws_security_group.simplex_software_nat"
                    ],
                    "primary": {
                        "id": "i-0250c6e086a2635ba",
                        "attributes": {
                            "ami": "ami-40d28157",
                            "arn": "arn:aws:ec2:us-east-1:459436678662:instance/i-0250c6e086a2635ba",
                            "associate_public_ip_address": "true",
                            "availability_zone": "us-east-1a",
                            "cpu_core_count": "1",
                            "cpu_threads_per_core": "1",
                            "credit_specification.#": "1",
                            "credit_specification.0.cpu_credits": "standard",
                            "disable_api_termination": "false",
                            "ebs_block_device.#": "0",
                            "ebs_optimized": "false",
                            "ephemeral_block_device.#": "0",
                            "get_password_data": "false",
                            "iam_instance_profile": "",
                            "id": "i-0250c6e086a2635ba",
                            "instance_state": "running",
                            "instance_type": "t2.micro",
                            "ipv6_addresses.#": "0",
                            "key_name": "simplex-software",
                            "monitoring": "false",
                            "network_interface.#": "0",
                            "network_interface_id": "eni-072accf9c37367d53",
                            "password_data": "",
                            "placement_group": "",
                            "primary_network_interface_id": "eni-072accf9c37367d53",
                            "private_dns": "ip-172-31-43-219.ec2.internal",
                            "private_ip": "172.31.43.219",
                            "public_dns": "ec2-3-85-83-164.compute-1.amazonaws.com",
                            "public_ip": "3.85.83.164",
                            "root_block_device.#": "1",
                            "root_block_device.0.delete_on_termination": "true",
                            "root_block_device.0.iops": "100",
                            "root_block_device.0.volume_id": "vol-086b66815f45d4c38",
                            "root_block_device.0.volume_size": "8",
                            "root_block_device.0.volume_type": "gp2",
                            "security_groups.#": "2",
                            "security_groups.3294004366": "simplex-software-default",
                            "security_groups.782647992": "simplex-software-nat",
                            "source_dest_check": "true",
                            "subnet_id": "subnet-42fb7a1e",
                            "tags.%": "1",
                            "tags.Name": "Simplex Software",
                            "tenancy": "default",
                            "volume_tags.%": "0",
                            "vpc_security_group_ids.#": "2",
                            "vpc_security_group_ids.3333981566": "sg-012da4033eac8e033",
                            "vpc_security_group_ids.927051137": "sg-0e2fba380cf6b2bf4"
                        },
                        "meta": {
                            "e2bfb730-ecaa-11e6-8f88-34363bc7c4c0": {
                                "create": 600000000000,
                                "delete": 1200000000000,
                                "update": 600000000000
                            },
                            "schema_version": "1"
                        },
                        "tainted": false
                    },
                    "deposed": [],
                    "provider": "provider.aws"
                },
                "aws_key_pair.terraform_ec2_key": {
                    "type": "aws_key_pair",
                    "depends_on": [],
                    "primary": {
                        "id": "simplex-software",
                        "attributes": {
                            "fingerprint": "30:02:4a:af:3c:da:68:88:7c:28:f7:58:70:a6:b9:a2",
                            "id": "simplex-software",
                            "key_name": "simplex-software",
                            "public_key": "ssh-rsa AAAAB3NzaC1yc2EAAAADAQABAAABAQCwS8Q38No1VVigKFphcZSvZDd/SsGBYm3EeDCbl5ntwE6vwtxViHthKgbJEpStSZQQx8QTBrepW1A0dwsBrnddlVj5HoCJklnGVj99zQ8IZ2jDTuqKZrGo+g/JNokQGcagkkP5tjEPHG8Csq2+iwEOWjBCE6v0CoAY0N7iRgsPcZlsb3QN6ejvmmHQCD9tjZhpeMufIi4751CQUsS3Jq68Z6VVpRFRLQcC6bgzO9rXmz2UypJSvr8E7Gl6oee/4aQkNCOt7k2cKEBFMeapV5e3IZywCimGil/5XXwjXhbI1p3lxLbED6TcqkvKGqNPQgKj8r8B+ff58DNNdID9NlKH nicolas@BEL20"
                        },
                        "meta": {
                            "schema_version": "1"
                        },
                        "tainted": false
                    },
                    "deposed": [],
                    "provider": "provider.aws"
                },
                "aws_security_group.simplex_software_default": {
                    "type": "aws_security_group",
                    "depends_on": [],
                    "primary": {
                        "id": "sg-012da4033eac8e033",
                        "attributes": {
                            "arn": "arn:aws:ec2:us-east-1:459436678662:security-group/sg-012da4033eac8e033",
                            "description": "Default security group that allows inbound and outbound traffic from all instances in the VPC",
                            "egress.#": "1",
                            "egress.2510676008.cidr_blocks.#": "1",
                            "egress.2510676008.cidr_blocks.0": "0.0.0.0/0",
                            "egress.2510676008.description": "",
                            "egress.2510676008.from_port": "0",
                            "egress.2510676008.ipv6_cidr_blocks.#": "0",
                            "egress.2510676008.prefix_list_ids.#": "0",
                            "egress.2510676008.protocol": "-1",
                            "egress.2510676008.security_groups.#": "0",
                            "egress.2510676008.self": "true",
                            "egress.2510676008.to_port": "0",
                            "id": "sg-012da4033eac8e033",
                            "ingress.#": "1",
                            "ingress.2510676008.cidr_blocks.#": "1",
                            "ingress.2510676008.cidr_blocks.0": "0.0.0.0/0",
                            "ingress.2510676008.description": "",
                            "ingress.2510676008.from_port": "0",
                            "ingress.2510676008.ipv6_cidr_blocks.#": "0",
                            "ingress.2510676008.prefix_list_ids.#": "0",
                            "ingress.2510676008.protocol": "-1",
                            "ingress.2510676008.security_groups.#": "0",
                            "ingress.2510676008.self": "true",
                            "ingress.2510676008.to_port": "0",
                            "name": "simplex-software-default",
                            "owner_id": "459436678662",
                            "revoke_rules_on_delete": "false",
                            "tags.%": "1",
                            "tags.Name": "simplex-software-default",
                            "vpc_id": "vpc-0779a87d"
                        },
                        "meta": {
                            "e2bfb730-ecaa-11e6-8f88-34363bc7c4c0": {
                                "create": 600000000000,
                                "delete": 600000000000
                            },
                            "schema_version": "1"
                        },
                        "tainted": false
                    },
                    "deposed": [],
                    "provider": "provider.aws"
                },
                "aws_security_group.simplex_software_nat": {
                    "type": "aws_security_group",
                    "depends_on": [],
                    "primary": {
                        "id": "sg-0e2fba380cf6b2bf4",
                        "attributes": {
                            "arn": "arn:aws:ec2:us-east-1:459436678662:security-group/sg-0e2fba380cf6b2bf4",
                            "description": "Security group for nat instances that allows SSH and VPN traffic from internet",
                            "egress.#": "0",
                            "id": "sg-0e2fba380cf6b2bf4",
                            "ingress.#": "2",
                            "ingress.2541437006.cidr_blocks.#": "1",
                            "ingress.2541437006.cidr_blocks.0": "0.0.0.0/0",
                            "ingress.2541437006.description": "",
                            "ingress.2541437006.from_port": "22",
                            "ingress.2541437006.ipv6_cidr_blocks.#": "0",
                            "ingress.2541437006.prefix_list_ids.#": "0",
                            "ingress.2541437006.protocol": "tcp",
                            "ingress.2541437006.security_groups.#": "0",
                            "ingress.2541437006.self": "false",
                            "ingress.2541437006.to_port": "22",
                            "ingress.4178520169.cidr_blocks.#": "1",
                            "ingress.4178520169.cidr_blocks.0": "0.0.0.0/0",
                            "ingress.4178520169.description": "",
                            "ingress.4178520169.from_port": "1194",
                            "ingress.4178520169.ipv6_cidr_blocks.#": "0",
                            "ingress.4178520169.prefix_list_ids.#": "0",
                            "ingress.4178520169.protocol": "udp",
                            "ingress.4178520169.security_groups.#": "0",
                            "ingress.4178520169.self": "false",
                            "ingress.4178520169.to_port": "1194",
                            "name": "simplex-software-nat",
                            "owner_id": "459436678662",
                            "revoke_rules_on_delete": "false",
                            "tags.%": "1",
                            "tags.Name": "simplex-software-nat",
                            "vpc_id": "vpc-0779a87d"
                        },
                        "meta": {
                            "e2bfb730-ecaa-11e6-8f88-34363bc7c4c0": {
                                "create": 600000000000,
                                "delete": 600000000000
                            },
                            "schema_version": "1"
                        },
                        "tainted": false
                    },
                    "deposed": [],
                    "provider": "provider.aws"
                },
                "aws_volume_attachment.simplex_software_att": {
                    "type": "aws_volume_attachment",
                    "depends_on": [
                        "aws_ebs_volume.simplex_software_ebs_20",
                        "aws_instance.simplex_software"
                    ],
                    "primary": {
                        "id": "vai-3081074961",
                        "attributes": {
                            "device_name": "/dev/sdf",
                            "id": "vai-3081074961",
                            "instance_id": "i-0250c6e086a2635ba",
                            "volume_id": "vol-051529abfc91126d9"
                        },
                        "meta": {},
                        "tainted": false
                    },
                    "deposed": [],
                    "provider": "provider.aws"
                }
            },
            "depends_on": []
        }
    ]
}
