{
    "version": 3,
    "terraform_version": "0.11.11",
    "serial": 2,
    "lineage": "3a56a06e-fb40-5dae-440e-846819495add",
    "modules": [
        {
            "path": [
                "root"
            ],
            "outputs": {},
            "resources": {
                "aws_instance.example": {
                    "type": "aws_instance",
                    "depends_on": [],
                    "primary": {
                        "id": "i-0f6fc6792bfef344e",
                        "attributes": {
                            "ami": "ami-40d28157",
                            "arn": "arn:aws:ec2:us-east-1:459436678662:instance/i-0f6fc6792bfef344e",
                            "associate_public_ip_address": "true",
                            "availability_zone": "us-east-1c",
                            "cpu_core_count": "1",
                            "cpu_threads_per_core": "1",
                            "credit_specification.#": "1",
                            "credit_specification.0.cpu_credits": "standard",
                            "disable_api_termination": "false",
                            "ebs_block_device.#": "0",
                            "ebs_optimized": "false",
                            "ephemeral_block_device.#": "0",
                            "get_password_data": "false",
                            "iam_instance_profile": "",
                            "id": "i-0f6fc6792bfef344e",
                            "instance_state": "running",
                            "instance_type": "t2.micro",
                            "ipv6_addresses.#": "0",
                            "key_name": "codecommit_rsa",
                            "monitoring": "false",
                            "network_interface.#": "0",
                            "network_interface_id": "eni-080deff7f33da152f",
                            "password_data": "",
                            "placement_group": "",
                            "primary_network_interface_id": "eni-080deff7f33da152f",
                            "private_dns": "ip-172-31-92-180.ec2.internal",
                            "private_ip": "172.31.92.180",
                            "public_dns": "ec2-52-71-73-63.compute-1.amazonaws.com",
                            "public_ip": "52.71.73.63",
                            "root_block_device.#": "1",
                            "root_block_device.0.delete_on_termination": "true",
                            "root_block_device.0.iops": "100",
                            "root_block_device.0.volume_id": "vol-09701b12277d20d29",
                            "root_block_device.0.volume_size": "8",
                            "root_block_device.0.volume_type": "gp2",
                            "security_groups.#": "1",
                            "security_groups.3814588639": "default",
                            "source_dest_check": "true",
                            "subnet_id": "subnet-edeb68c3",
                            "tags.%": "1",
                            "tags.Name": "created by Terraform",
                            "tenancy": "default",
                            "volume_tags.%": "0",
                            "vpc_security_group_ids.#": "1",
                            "vpc_security_group_ids.4188384333": "sg-19a94155"
                        },
                        "meta": {
                            "e2bfb730-ecaa-11e6-8f88-34363bc7c4c0": {
                                "create": 600000000000,
                                "delete": 1200000000000,
                                "update": 600000000000
                            },
                            "schema_version": "1"
                        },
                        "tainted": false
                    },
                    "deposed": [],
                    "provider": "provider.aws"
                },
                "aws_key_pair.terraform_ec2_key": {
                    "type": "aws_key_pair",
                    "depends_on": [],
                    "primary": {
                        "id": "codecommit_rsa",
                        "attributes": {
                            "fingerprint": "30:02:4a:af:3c:da:68:88:7c:28:f7:58:70:a6:b9:a2",
                            "id": "codecommit_rsa",
                            "key_name": "codecommit_rsa",
                            "public_key": "ssh-rsa AAAAB3NzaC1yc2EAAAADAQABAAABAQCwS8Q38No1VVigKFphcZSvZDd/SsGBYm3EeDCbl5ntwE6vwtxViHthKgbJEpStSZQQx8QTBrepW1A0dwsBrnddlVj5HoCJklnGVj99zQ8IZ2jDTuqKZrGo+g/JNokQGcagkkP5tjEPHG8Csq2+iwEOWjBCE6v0CoAY0N7iRgsPcZlsb3QN6ejvmmHQCD9tjZhpeMufIi4751CQUsS3Jq68Z6VVpRFRLQcC6bgzO9rXmz2UypJSvr8E7Gl6oee/4aQkNCOt7k2cKEBFMeapV5e3IZywCimGil/5XXwjXhbI1p3lxLbED6TcqkvKGqNPQgKj8r8B+ff58DNNdID9NlKH nicolas@BEL20"
                        },
                        "meta": {
                            "schema_version": "1"
                        },
                        "tainted": false
                    },
                    "deposed": [],
                    "provider": "provider.aws"
                }
            },
            "depends_on": []
        }
    ]
}
