{
    "version": 3,
    "terraform_version": "0.11.11",
    "serial": 2,
    "lineage": "d79eabdb-2303-6f18-cd16-662f40d62580",
    "modules": [
        {
            "path": [
                "root"
            ],
            "outputs": {
                "mysql_db_host_name": {
                    "sensitive": false,
                    "type": "string",
                    "value": "terraform-20190103174246751500000001.ckhzgawvvdj7.us-east-1.rds.amazonaws.com"
                },
                "mysql_db_port_number": {
                    "sensitive": false,
                    "type": "string",
                    "value": "3306"
                }
            },
            "resources": {
                "aws_db_instance.simplex_software": {
                    "type": "aws_db_instance",
                    "depends_on": [],
                    "primary": {
                        "id": "terraform-20190103174246751500000001",
                        "attributes": {
                            "address": "terraform-20190103174246751500000001.ckhzgawvvdj7.us-east-1.rds.amazonaws.com",
                            "allocated_storage": "10",
                            "arn": "arn:aws:rds:us-east-1:459436678662:db:terraform-20190103174246751500000001",
                            "auto_minor_version_upgrade": "true",
                            "availability_zone": "us-east-1a",
                            "backup_retention_period": "0",
                            "backup_window": "10:19-10:49",
                            "ca_cert_identifier": "rds-ca-2015",
                            "copy_tags_to_snapshot": "false",
                            "db_subnet_group_name": "default",
                            "deletion_protection": "false",
                            "domain": "",
                            "domain_iam_role_name": "",
                            "enabled_cloudwatch_logs_exports.#": "0",
                            "endpoint": "terraform-20190103174246751500000001.ckhzgawvvdj7.us-east-1.rds.amazonaws.com:3306",
                            "engine": "mysql",
                            "engine_version": "5.6.40",
                            "hosted_zone_id": "Z2R2ITUGPM61AM",
                            "iam_database_authentication_enabled": "false",
                            "id": "terraform-20190103174246751500000001",
                            "identifier": "terraform-20190103174246751500000001",
                            "instance_class": "db.t2.micro",
                            "iops": "0",
                            "kms_key_id": "",
                            "license_model": "general-public-license",
                            "maintenance_window": "mon:05:21-mon:05:51",
                            "monitoring_interval": "0",
                            "multi_az": "false",
                            "name": "simplex_software_mysql_dev_instance",
                            "option_group_name": "default:mysql-5-6",
                            "parameter_group_name": "default.mysql5.6",
                            "password": "California1",
                            "port": "3306",
                            "publicly_accessible": "false",
                            "replicas.#": "0",
                            "replicate_source_db": "",
                            "resource_id": "db-5MG7FQXG4XCZCWC4NFKDYXCI3I",
                            "security_group_names.#": "0",
                            "skip_final_snapshot": "true",
                            "status": "available",
                            "storage_encrypted": "false",
                            "storage_type": "gp2",
                            "tags.%": "0",
                            "timezone": "",
                            "username": "root",
                            "vpc_security_group_ids.#": "1",
                            "vpc_security_group_ids.4188384333": "sg-19a94155"
                        },
                        "meta": {
                            "e2bfb730-ecaa-11e6-8f88-34363bc7c4c0": {
                                "create": 2400000000000,
                                "delete": 2400000000000,
                                "update": 4800000000000
                            }
                        },
                        "tainted": false
                    },
                    "deposed": [],
                    "provider": "provider.aws"
                }
            },
            "depends_on": []
        }
    ]
}
